// !$*UTF8*$!
{
	archiveVersion = 1;
	classes = {
	};
	objectVersion = 46;
	objects = {

/* Begin PBXBuildFile section */
		3A4F18481B260F5C0057BB4A /* Entry.swift in Sources */ = {isa = PBXBuildFile; fileRef = 3A4F18471B260F5C0057BB4A /* Entry.swift */; };
		3A4F184C1B26109A0057BB4A /* ListViewCell.swift in Sources */ = {isa = PBXBuildFile; fileRef = 3A4F184B1B26109A0057BB4A /* ListViewCell.swift */; };
		3A4F184E1B261A960057BB4A /* DetailViewController.swift in Sources */ = {isa = PBXBuildFile; fileRef = 3A4F184D1B261A960057BB4A /* DetailViewController.swift */; };
		3ACFB03F1B24C6FD00FE84A1 /* ListViewController.swift in Sources */ = {isa = PBXBuildFile; fileRef = 3ACFB03E1B24C6FD00FE84A1 /* ListViewController.swift */; };
		3AF1F2F01B1F6712004E05DD /* AppDelegate.swift in Sources */ = {isa = PBXBuildFile; fileRef = 3AF1F2EF1B1F6712004E05DD /* AppDelegate.swift */; };
		3AF1F2F51B1F6712004E05DD /* Main.storyboard in Resources */ = {isa = PBXBuildFile; fileRef = 3AF1F2F31B1F6712004E05DD /* Main.storyboard */; };
		3AF1F2F71B1F6712004E05DD /* Images.xcassets in Resources */ = {isa = PBXBuildFile; fileRef = 3AF1F2F61B1F6712004E05DD /* Images.xcassets */; };
		3AF1F2FA1B1F6712004E05DD /* LaunchScreen.xib in Resources */ = {isa = PBXBuildFile; fileRef = 3AF1F2F81B1F6712004E05DD /* LaunchScreen.xib */; };
		3AF1F3061B1F6713004E05DD /* BootCamp01Tests.swift in Sources */ = {isa = PBXBuildFile; fileRef = 3AF1F3051B1F6713004E05DD /* BootCamp01Tests.swift */; };
/* End PBXBuildFile section */

/* Begin PBXContainerItemProxy section */
		3AF1F3001B1F6713004E05DD /* PBXContainerItemProxy */ = {
			isa = PBXContainerItemProxy;
			containerPortal = 3AF1F2E21B1F6712004E05DD /* Project object */;
			proxyType = 1;
			remoteGlobalIDString = 3AF1F2E91B1F6712004E05DD;
			remoteInfo = BootCamp01;
		};
/* End PBXContainerItemProxy section */

/* Begin PBXFileReference section */
		3A4F18471B260F5C0057BB4A /* Entry.swift */ = {isa = PBXFileReference; fileEncoding = 4; lastKnownFileType = sourcecode.swift; path = Entry.swift; sourceTree = "<group>"; };
		3A4F184B1B26109A0057BB4A /* ListViewCell.swift */ = {isa = PBXFileReference; fileEncoding = 4; lastKnownFileType = sourcecode.swift; path = ListViewCell.swift; sourceTree = "<group>"; };
		3A4F184D1B261A960057BB4A /* DetailViewController.swift */ = {isa = PBXFileReference; fileEncoding = 4; lastKnownFileType = sourcecode.swift; path = DetailViewController.swift; sourceTree = "<group>"; };
		3ACFB03E1B24C6FD00FE84A1 /* ListViewController.swift */ = {isa = PBXFileReference; fileEncoding = 4; lastKnownFileType = sourcecode.swift; path = ListViewController.swift; sourceTree = "<group>"; };
		3AF1F2EA1B1F6712004E05DD /* BootCamp01.app */ = {isa = PBXFileReference; explicitFileType = wrapper.application; includeInIndex = 0; path = BootCamp01.app; sourceTree = BUILT_PRODUCTS_DIR; };
		3AF1F2EE1B1F6712004E05DD /* Info.plist */ = {isa = PBXFileReference; lastKnownFileType = text.plist.xml; path = Info.plist; sourceTree = "<group>"; };
		3AF1F2EF1B1F6712004E05DD /* AppDelegate.swift */ = {isa = PBXFileReference; lastKnownFileType = sourcecode.swift; path = AppDelegate.swift; sourceTree = "<group>"; };
		3AF1F2F41B1F6712004E05DD /* Base */ = {isa = PBXFileReference; lastKnownFileType = file.storyboard; name = Base; path = Base.lproj/Main.storyboard; sourceTree = "<group>"; };
		3AF1F2F61B1F6712004E05DD /* Images.xcassets */ = {isa = PBXFileReference; lastKnownFileType = folder.assetcatalog; path = Images.xcassets; sourceTree = "<group>"; };
		3AF1F2F91B1F6712004E05DD /* Base */ = {isa = PBXFileReference; lastKnownFileType = file.xib; name = Base; path = Base.lproj/LaunchScreen.xib; sourceTree = "<group>"; };
		3AF1F2FF1B1F6713004E05DD /* BootCamp01Tests.xctest */ = {isa = PBXFileReference; explicitFileType = wrapper.cfbundle; includeInIndex = 0; path = BootCamp01Tests.xctest; sourceTree = BUILT_PRODUCTS_DIR; };
		3AF1F3041B1F6713004E05DD /* Info.plist */ = {isa = PBXFileReference; lastKnownFileType = text.plist.xml; path = Info.plist; sourceTree = "<group>"; };
		3AF1F3051B1F6713004E05DD /* BootCamp01Tests.swift */ = {isa = PBXFileReference; lastKnownFileType = sourcecode.swift; path = BootCamp01Tests.swift; sourceTree = "<group>"; };
/* End PBXFileReference section */

/* Begin PBXFrameworksBuildPhase section */
		3AF1F2E71B1F6712004E05DD /* Frameworks */ = {
			isa = PBXFrameworksBuildPhase;
			buildActionMask = 2147483647;
			files = (
			);
			runOnlyForDeploymentPostprocessing = 0;
		};
		3AF1F2FC1B1F6713004E05DD /* Frameworks */ = {
			isa = PBXFrameworksBuildPhase;
			buildActionMask = 2147483647;
			files = (
			);
			runOnlyForDeploymentPostprocessing = 0;
		};
/* End PBXFrameworksBuildPhase section */

/* Begin PBXGroup section */
		3AF1F2E11B1F6712004E05DD = {
			isa = PBXGroup;
			children = (
				3AF1F2EC1B1F6712004E05DD /* BootCamp01 */,
				3AF1F3021B1F6713004E05DD /* BootCamp01Tests */,
				3AF1F2EB1B1F6712004E05DD /* Products */,
			);
			sourceTree = "<group>";
		};
		3AF1F2EB1B1F6712004E05DD /* Products */ = {
			isa = PBXGroup;
			children = (
				3AF1F2EA1B1F6712004E05DD /* BootCamp01.app */,
				3AF1F2FF1B1F6713004E05DD /* BootCamp01Tests.xctest */,
			);
			name = Products;
			sourceTree = "<group>";
		};
		3AF1F2EC1B1F6712004E05DD /* BootCamp01 */ = {
			isa = PBXGroup;
			children = (
				3AF1F2EF1B1F6712004E05DD /* AppDelegate.swift */,
				3AF1F2F31B1F6712004E05DD /* Main.storyboard */,
				3A4F184D1B261A960057BB4A /* DetailViewController.swift */,
				3A4F184B1B26109A0057BB4A /* ListViewCell.swift */,
				3A4F18471B260F5C0057BB4A /* Entry.swift */,
				3ACFB03E1B24C6FD00FE84A1 /* ListViewController.swift */,
				3AF1F2F61B1F6712004E05DD /* Images.xcassets */,
				3AF1F2F81B1F6712004E05DD /* LaunchScreen.xib */,
				3AF1F2ED1B1F6712004E05DD /* Supporting Files */,
			);
			path = BootCamp01;
			sourceTree = "<group>";
		};
		3AF1F2ED1B1F6712004E05DD /* Supporting Files */ = {
			isa = PBXGroup;
			children = (
				3AF1F2EE1B1F6712004E05DD /* Info.plist */,
			);
			name = "Supporting Files";
			sourceTree = "<group>";
		};
		3AF1F3021B1F6713004E05DD /* BootCamp01Tests */ = {
			isa = PBXGroup;
			children = (
				3AF1F3051B1F6713004E05DD /* BootCamp01Tests.swift */,
				3AF1F3031B1F6713004E05DD /* Supporting Files */,
			);
			path = BootCamp01Tests;
			sourceTree = "<group>";
		};
		3AF1F3031B1F6713004E05DD /* Supporting Files */ = {
			isa = PBXGroup;
			children = (
				3AF1F3041B1F6713004E05DD /* Info.plist */,
			);
			name = "Supporting Files";
			sourceTree = "<group>";
		};
/* End PBXGroup section */

/* Begin PBXNativeTarget section */
		3AF1F2E91B1F6712004E05DD /* BootCamp01 */ = {
			isa = PBXNativeTarget;
			buildConfigurationList = 3AF1F3091B1F6713004E05DD /* Build configuration list for PBXNativeTarget "BootCamp01" */;
			buildPhases = (
				3AF1F2E61B1F6712004E05DD /* Sources */,
				3AF1F2E71B1F6712004E05DD /* Frameworks */,
				3AF1F2E81B1F6712004E05DD /* Resources */,
			);
			buildRules = (
			);
			dependencies = (
			);
			name = BootCamp01;
			productName = BootCamp01;
			productReference = 3AF1F2EA1B1F6712004E05DD /* BootCamp01.app */;
			productType = "com.apple.product-type.application";
		};
		3AF1F2FE1B1F6713004E05DD /* BootCamp01Tests */ = {
			isa = PBXNativeTarget;
			buildConfigurationList = 3AF1F30C1B1F6713004E05DD /* Build configuration list for PBXNativeTarget "BootCamp01Tests" */;
			buildPhases = (
				3AF1F2FB1B1F6713004E05DD /* Sources */,
				3AF1F2FC1B1F6713004E05DD /* Frameworks */,
				3AF1F2FD1B1F6713004E05DD /* Resources */,
			);
			buildRules = (
			);
			dependencies = (
				3AF1F3011B1F6713004E05DD /* PBXTargetDependency */,
			);
			name = BootCamp01Tests;
			productName = BootCamp01Tests;
			productReference = 3AF1F2FF1B1F6713004E05DD /* BootCamp01Tests.xctest */;
			productType = "com.apple.product-type.bundle.unit-test";
		};
/* End PBXNativeTarget section */

/* Begin PBXProject section */
		3AF1F2E21B1F6712004E05DD /* Project object */ = {
			isa = PBXProject;
			attributes = {
				LastUpgradeCheck = 0630;
				ORGANIZATIONNAME = "Shunya Shishido";
				TargetAttributes = {
					3AF1F2E91B1F6712004E05DD = {
						CreatedOnToolsVersion = 6.3.2;
					};
					3AF1F2FE1B1F6713004E05DD = {
						CreatedOnToolsVersion = 6.3.2;
						TestTargetID = 3AF1F2E91B1F6712004E05DD;
					};
				};
			};
			buildConfigurationList = 3AF1F2E51B1F6712004E05DD /* Build configuration list for PBXProject "BootCamp01" */;
			compatibilityVersion = "Xcode 3.2";
			developmentRegion = English;
			hasScannedForEncodings = 0;
			knownRegions = (
				en,
				Base,
			);
			mainGroup = 3AF1F2E11B1F6712004E05DD;
			productRefGroup = 3AF1F2EB1B1F6712004E05DD /* Products */;
			projectDirPath = "";
			projectRoot = "";
			targets = (
				3AF1F2E91B1F6712004E05DD /* BootCamp01 */,
				3AF1F2FE1B1F6713004E05DD /* BootCamp01Tests */,
			);
		};
/* End PBXProject section */

/* Begin PBXResourcesBuildPhase section */
		3AF1F2E81B1F6712004E05DD /* Resources */ = {
			isa = PBXResourcesBuildPhase;
			buildActionMask = 2147483647;
			files = (
				3AF1F2F51B1F6712004E05DD /* Main.storyboard in Resources */,
				3AF1F2FA1B1F6712004E05DD /* LaunchScreen.xib in Resources */,
				3AF1F2F71B1F6712004E05DD /* Images.xcassets in Resources */,
			);
			runOnlyForDeploymentPostprocessing = 0;
		};
		3AF1F2FD1B1F6713004E05DD /* Resources */ = {
			isa = PBXResourcesBuildPhase;
			buildActionMask = 2147483647;
			files = (
			);
			runOnlyForDeploymentPostprocessing = 0;
		};
/* End PBXResourcesBuildPhase section */

/* Begin PBXSourcesBuildPhase section */
		3AF1F2E61B1F6712004E05DD /* Sources */ = {
			isa = PBXSourcesBuildPhase;
			buildActionMask = 2147483647;
			files = (
				3A4F184C1B26109A0057BB4A /* ListViewCell.swift in Sources */,
				3A4F18481B260F5C0057BB4A /* Entry.swift in Sources */,
				3A4F184E1B261A960057BB4A /* DetailViewController.swift in Sources */,
				3ACFB03F1B24C6FD00FE84A1 /* ListViewController.swift in Sources */,
				3AF1F2F01B1F6712004E05DD /* AppDelegate.swift in Sources */,
			);
			runOnlyForDeploymentPostprocessing = 0;
		};
		3AF1F2FB1B1F6713004E05DD /* Sources */ = {
			isa = PBXSourcesBuildPhase;
			buildActionMask = 2147483647;
			files = (
				3AF1F3061B1F6713004E05DD /* BootCamp01Tests.swift in Sources */,
			);
			runOnlyForDeploymentPostprocessing = 0;
		};
/* End PBXSourcesBuildPhase section */

/* Begin PBXTargetDependency section */
		3AF1F3011B1F6713004E05DD /* PBXTargetDependency */ = {
			isa = PBXTargetDependency;
			target = 3AF1F2E91B1F6712004E05DD /* BootCamp01 */;
			targetProxy = 3AF1F3001B1F6713004E05DD /* PBXContainerItemProxy */;
		};
/* End PBXTargetDependency section */

/* Begin PBXVariantGroup section */
		3AF1F2F31B1F6712004E05DD /* Main.storyboard */ = {
			isa = PBXVariantGroup;
			children = (
				3AF1F2F41B1F6712004E05DD /* Base */,
			);
			name = Main.storyboard;
			sourceTree = "<group>";
		};
		3AF1F2F81B1F6712004E05DD /* LaunchScreen.xib */ = {
			isa = PBXVariantGroup;
			children = (
				3AF1F2F91B1F6712004E05DD /* Base */,
			);
			name = LaunchScreen.xib;
			sourceTree = "<group>";
		};
/* End PBXVariantGroup section */

/* Begin XCBuildConfiguration section */
		3AF1F3071B1F6713004E05DD /* Debug */ = {
			isa = XCBuildConfiguration;
			buildSettings = {
				ALWAYS_SEARCH_USER_PATHS = NO;
				CLANG_CXX_LANGUAGE_STANDARD = "gnu++0x";
				CLANG_CXX_LIBRARY = "libc++";
				CLANG_ENABLE_MODULES = YES;
				CLANG_ENABLE_OBJC_ARC = YES;
				CLANG_WARN_BOOL_CONVERSION = YES;
				CLANG_WARN_CONSTANT_CONVERSION = YES;
				CLANG_WARN_DIRECT_OBJC_ISA_USAGE = YES_ERROR;
				CLANG_WARN_EMPTY_BODY = YES;
				CLANG_WARN_ENUM_CONVERSION = YES;
				CLANG_WARN_INT_CONVERSION = YES;
				CLANG_WARN_OBJC_ROOT_CLASS = YES_ERROR;
				CLANG_WARN_UNREACHABLE_CODE = YES;
				CLANG_WARN__DUPLICATE_METHOD_MATCH = YES;
				"CODE_SIGN_IDENTITY[sdk=iphoneos*]" = "iPhone Developer";
				COPY_PHASE_STRIP = NO;
				DEBUG_INFORMATION_FORMAT = "dwarf-with-dsym";
				ENABLE_STRICT_OBJC_MSGSEND = YES;
				GCC_C_LANGUAGE_STANDARD = gnu99;
				GCC_DYNAMIC_NO_PIC = NO;
				GCC_NO_COMMON_BLOCKS = YES;
				GCC_OPTIMIZATION_LEVEL = 0;
				GCC_PREPROCESSOR_DEFINITIONS = (
					"DEBUG=1",
					"$(inherited)",
				);
				GCC_SYMBOLS_PRIVATE_EXTERN = NO;
				GCC_WARN_64_TO_32_BIT_CONVERSION = YES;
				GCC_WARN_ABOUT_RETURN_TYPE = YES_ERROR;
				GCC_WARN_UNDECLARED_SELECTOR = YES;
				GCC_WARN_UNINITIALIZED_AUTOS = YES_AGGRESSIVE;
				GCC_WARN_UNUSED_FUNCTION = YES;
				GCC_WARN_UNUSED_VARIABLE = YES;
				IPHONEOS_DEPLOYMENT_TARGET = 8.3;
				MTL_ENABLE_DEBUG_INFO = YES;
				ONLY_ACTIVE_ARCH = YES;
				SDKROOT = iphoneos;
				SWIFT_OPTIMIZATION_LEVEL = "-Onone";
			};
			name = Debug;
		};
		3AF1F3081B1F6713004E05DD /* Release */ = {
			isa = XCBuildConfiguration;
			buildSettings = {
				ALWAYS_SEARCH_USER_PATHS = NO;
				CLANG_CXX_LANGUAGE_STANDARD = "gnu++0x";
				CLANG_CXX_LIBRARY = "libc++";
				CLANG_ENABLE_MODULES = YES;
				CLANG_ENABLE_OBJC_ARC = YES;
				CLANG_WARN_BOOL_CONVERSION = YES;
				CLANG_WARN_CONSTANT_CONVERSION = YES;
				CLANG_WARN_DIRECT_OBJC_ISA_USAGE = YES_ERROR;
				CLANG_WARN_EMPTY_BODY = YES;
				CLANG_WARN_ENUM_CONVERSION = YES;
				CLANG_WARN_INT_CONVERSION = YES;
				CLANG_WARN_OBJC_ROOT_CLASS = YES_ERROR;
				CLANG_WARN_UNREACHABLE_CODE = YES;
				CLANG_WARN__DUPLICATE_METHOD_MATCH = YES;
				"CODE_SIGN_IDENTITY[sdk=iphoneos*]" = "iPhone Developer";
				COPY_PHASE_STRIP = NO;
				DEBUG_INFORMATION_FORMAT = "dwarf-with-dsym";
				ENABLE_NS_ASSERTIONS = NO;
				ENABLE_STRICT_OBJC_MSGSEND = YES;
				GCC_C_LANGUAGE_STANDARD = gnu99;
				GCC_NO_COMMON_BLOCKS = YES;
				GCC_WARN_64_TO_32_BIT_CONVERSION = YES;
				GCC_WARN_ABOUT_RETURN_TYPE = YES_ERROR;
				GCC_WARN_UNDECLARED_SELECTOR = YES;
				GCC_WARN_UNINITIALIZED_AUTOS = YES_AGGRESSIVE;
				GCC_WARN_UNUSED_FUNCTION = YES;
				GCC_WARN_UNUSED_VARIABLE = YES;
				IPHONEOS_DEPLOYMENT_TARGET = 8.3;
				MTL_ENABLE_DEBUG_INFO = NO;
				SDKROOT = iphoneos;
				VALIDATE_PRODUCT = YES;
			};
			name = Release;
		};
		3AF1F30A1B1F6713004E05DD /* Debug */ = {
			isa = XCBuildConfiguration;
			buildSettings = {
				ASSETCATALOG_COMPILER_APPICON_NAME = AppIcon;
				INFOPLIST_FILE = BootCamp01/Info.plist;
				LD_RUNPATH_SEARCH_PATHS = "$(inherited) @executable_path/Frameworks";
				PRODUCT_NAME = "$(TARGET_NAME)";
			};
			name = Debug;
		};
		3AF1F30B1B1F6713004E05DD /* Release */ = {
			isa = XCBuildConfiguration;
			buildSettings = {
				ASSETCATALOG_COMPILER_APPICON_NAME = AppIcon;
				INFOPLIST_FILE = BootCamp01/Info.plist;
				LD_RUNPATH_SEARCH_PATHS = "$(inherited) @executable_path/Frameworks";
				PRODUCT_NAME = "$(TARGET_NAME)";
			};
			name = Release;
		};
		3AF1F30D1B1F6713004E05DD /* Debug */ = {
			isa = XCBuildConfiguration;
			buildSettings = {
				BUNDLE_LOADER = "$(TEST_HOST)";
				FRAMEWORK_SEARCH_PATHS = (
					"$(SDKROOT)/Developer/Library/Frameworks",
					"$(inherited)",
				);
				GCC_PREPROCESSOR_DEFINITIONS = (
					"DEBUG=1",
					"$(inherited)",
				);
				INFOPLIST_FILE = BootCamp01Tests/Info.plist;
				LD_RUNPATH_SEARCH_PATHS = "$(inherited) @executable_path/Frameworks @loader_path/Frameworks";
				PRODUCT_NAME = "$(TARGET_NAME)";
				TEST_HOST = "$(BUILT_PRODUCTS_DIR)/BootCamp01.app/BootCamp01";
			};
			name = Debug;
		};
		3AF1F30E1B1F6713004E05DD /* Release */ = {
			isa = XCBuildConfiguration;
			buildSettings = {
				BUNDLE_LOADER = "$(TEST_HOST)";
				FRAMEWORK_SEARCH_PATHS = (
					"$(SDKROOT)/Developer/Library/Frameworks",
					"$(inherited)",
				);
				INFOPLIST_FILE = BootCamp01Tests/Info.plist;
				LD_RUNPATH_SEARCH_PATHS = "$(inherited) @executable_path/Frameworks @loader_path/Frameworks";
				PRODUCT_NAME = "$(TARGET_NAME)";
				TEST_HOST = "$(BUILT_PRODUCTS_DIR)/BootCamp01.app/BootCamp01";
			};
			name = Release;
		};
/* End XCBuildConfiguration section */

/* Begin XCConfigurationList section */
		3AF1F2E51B1F6712004E05DD /* Build configuration list for PBXProject "BootCamp01" */ = {
			isa = XCConfigurationList;
			buildConfigurations = (
				3AF1F3071B1F6713004E05DD /* Debug */,
				3AF1F3081B1F6713004E05DD /* Release */,
			);
			defaultConfigurationIsVisible = 0;
			defaultConfigurationName = Release;
		};
		3AF1F3091B1F6713004E05DD /* Build configuration list for PBXNativeTarget "BootCamp01" */ = {
			isa = XCConfigurationList;
			buildConfigurations = (
				3AF1F30A1B1F6713004E05DD /* Debug */,
				3AF1F30B1B1F6713004E05DD /* Release */,
			);
			defaultConfigurationIsVisible = 0;
			defaultConfigurationName = Release;
		};
		3AF1F30C1B1F6713004E05DD /* Build configuration list for PBXNativeTarget "BootCamp01Tests" */ = {
			isa = XCConfigurationList;
			buildConfigurations = (
				3AF1F30D1B1F6713004E05DD /* Debug */,
				3AF1F30E1B1F6713004E05DD /* Release */,
			);
			defaultConfigurationIsVisible = 0;
			defaultConfigurationName = Release;
		};
/* End XCConfigurationList section */
	};
	rootObject = 3AF1F2E21B1F6712004E05DD /* Project object */;
}
